<?xml version="1.0" encoding="utf-8"?>
<Project ToolsVersion="17.0" xmlns="http://schemas.microsoft.com/developer/msbuild/2003">
  <ItemGroup>
    <ClCompile Include="D:\Projekty\RastaConverter\CMakeFiles\rasta.dir\Unity\unity_3_cxx.cxx">
      <Filter>Source Files</Filter>
    </ClCompile>
    <ClCompile Include="D:\Projekty\RastaConverter\CMakeFiles\rasta.dir\Unity\unity_2_cxx.cxx">
      <Filter>Source Files</Filter>
    </ClCompile>
    <ClCompile Include="D:\Projekty\RastaConverter\CMakeFiles\rasta.dir\Unity\unity_1_cxx.cxx">
      <Filter>Source Files</Filter>
    </ClCompile>
    <ClCompile Include="D:\Projekty\RastaConverter\CMakeFiles\rasta.dir\Unity\unity_0_cxx.cxx">
      <Filter>Source Files</Filter>
    </ClCompile>
    <ClCompile Include="D:\Projekty\RastaConverter\src\main.cpp">
      <Filter>Source Files</Filter>
    </ClCompile>
    <ClCompile Include="D:\Projekty\RastaConverter\src\app\RastaConverter.ProcessInit.cpp">
      <Filter>Source Files</Filter>
    </ClCompile>
    <ClCompile Include="D:\Projekty\RastaConverter\src\app\RastaConverter.Init.cpp">
      <Filter>Source Files</Filter>
    </ClCompile>
    <ClCompile Include="D:\Projekty\RastaConverter\src\app\RastaConverter.MainLoop.cpp">
      <Filter>Source Files</Filter>
    </ClCompile>
    <ClCompile Include="D:\Projekty\RastaConverter\src\app\RastaConverter.UI.cpp">
      <Filter>Source Files</Filter>
    </ClCompile>
    <ClCompile Include="D:\Projekty\RastaConverter\src\app\RastaConverter.IO.cpp">
      <Filter>Source Files</Filter>
    </ClCompile>
    <ClCompile Include="D:\Projekty\RastaConverter\src\app\RastaConverter.OnOff.cpp">
      <Filter>Source Files</Filter>
    </ClCompile>
    <ClCompile Include="D:\Projekty\RastaConverter\src\app\RastaConverter.Save.cpp">
      <Filter>Source Files</Filter>
    </ClCompile>
    <ClCompile Include="D:\Projekty\RastaConverter\src\common\pch.cpp">
      <Filter>Source Files</Filter>
    </ClCompile>
    <ClCompile Include="D:\Projekty\RastaConverter\src\color\Distance.cpp">
      <Filter>Source Files</Filter>
    </ClCompile>
    <ClCompile Include="D:\Projekty\RastaConverter\src\color\rgb.cpp">
      <Filter>Source Files</Filter>
    </ClCompile>
    <ClCompile Include="D:\Projekty\RastaConverter\src\raster\Program.cpp">
      <Filter>Source Files</Filter>
    </ClCompile>
    <ClCompile Include="D:\Projekty\RastaConverter\src\raster\RasterProgramGenerator.cpp">
      <Filter>Source Files</Filter>
    </ClCompile>
    <ClCompile Include="D:\Projekty\RastaConverter\src\io\ImageProcessor.cpp">
      <Filter>Source Files</Filter>
    </ClCompile>
    <ClCompile Include="D:\Projekty\RastaConverter\src\io\OutputManager.cpp">
      <Filter>Source Files</Filter>
    </ClCompile>
    <ClCompile Include="D:\Projekty\RastaConverter\src\optimization\EvaluationContext.cpp">
      <Filter>Source Files</Filter>
    </ClCompile>
    <ClCompile Include="D:\Projekty\RastaConverter\src\optimization\OptimizationController.cpp">
      <Filter>Source Files</Filter>
    </ClCompile>
    <ClCompile Include="D:\Projekty\RastaConverter\src\optimization\AcceptancePolicy.cpp">
      <Filter>Source Files</Filter>
    </ClCompile>
    <ClCompile Include="D:\Projekty\RastaConverter\src\optimization\CoreEvaluator.cpp">
      <Filter>Source Files</Filter>
    </ClCompile>
    <ClCompile Include="D:\Projekty\RastaConverter\src\optimization\OptimizationRunner.cpp">
      <Filter>Source Files</Filter>
    </ClCompile>
    <ClCompile Include="D:\Projekty\RastaConverter\src\optimization\DLAS.cpp">
      <Filter>Source Files</Filter>
    </ClCompile>
    <ClCompile Include="D:\Projekty\RastaConverter\src\optimization\LAHC.cpp">
      <Filter>Source Files</Filter>
    </ClCompile>
    <ClCompile Include="D:\Projekty\RastaConverter\src\execution\Executor.cpp">
      <Filter>Source Files</Filter>
    </ClCompile>
    <ClCompile Include="D:\Projekty\RastaConverter\src\execution\SpriteManager.cpp">
      <Filter>Source Files</Filter>
    </ClCompile>
    <ClCompile Include="D:\Projekty\RastaConverter\src\cache\LineCache.cpp">
      <Filter>Source Files</Filter>
    </ClCompile>
    <ClCompile Include="D:\Projekty\RastaConverter\src\utils\mt19937int.cpp">
      <Filter>Source Files</Filter>
    </ClCompile>
    <ClCompile Include="D:\Projekty\RastaConverter\src\mutation\RasterMutator.cpp">
      <Filter>Source Files</Filter>
    </ClCompile>
    <ClCompile Include="D:\Projekty\RastaConverter\src\ui\RastaSDL.cpp">
      <Filter>Source Files</Filter>
    </ClCompile>
    <ClCompile Include="D:\Projekty\RastaConverter\src\target\TargetPicture.cpp">
      <Filter>Source Files</Filter>
    </ClCompile>
    <ClCompile Include="D:\Projekty\RastaConverter\src\config\config.cpp">
      <Filter>Source Files</Filter>
    </ClCompile>
    <ClCompile Include="D:\Projekty\RastaConverter\src\config\CommandLineParser.cpp">
      <Filter>Source Files</Filter>
    </ClCompile>
  </ItemGroup>
  <ItemGroup>
    <ClInclude Include="D:\Projekty\RastaConverter\src\main.h">
      <Filter>Header Files</Filter>
    </ClInclude>
    <ClInclude Include="D:\Projekty\RastaConverter\src\app\RastaConverter.h">
      <Filter>Header Files</Filter>
    </ClInclude>
    <ClInclude Include="D:\Projekty\RastaConverter\src\common\pch.h">
      <Filter>Header Files</Filter>
    </ClInclude>
    <ClInclude Include="D:\Projekty\RastaConverter\src\color\Distance.h">
      <Filter>Header Files</Filter>
    </ClInclude>
    <ClInclude Include="D:\Projekty\RastaConverter\src\color\rgb.h">
      <Filter>Header Files</Filter>
    </ClInclude>
    <ClInclude Include="D:\Projekty\RastaConverter\src\raster\Program.h">
      <Filter>Header Files</Filter>
    </ClInclude>
    <ClInclude Include="D:\Projekty\RastaConverter\src\raster\RegisterState.h">
      <Filter>Header Files</Filter>
    </ClInclude>
    <ClInclude Include="D:\Projekty\RastaConverter\src\raster\RasterInstruction.h">
      <Filter>Header Files</Filter>
    </ClInclude>
    <ClInclude Include="D:\Projekty\RastaConverter\src\raster\RasterProgramGenerator.h">
      <Filter>Header Files</Filter>
    </ClInclude>
    <ClInclude Include="D:\Projekty\RastaConverter\src\raster\OnOffMap.h">
      <Filter>Header Files</Filter>
    </ClInclude>
    <ClInclude Include="D:\Projekty\RastaConverter\src\io\ImageProcessor.h">
      <Filter>Header Files</Filter>
    </ClInclude>
    <ClInclude Include="D:\Projekty\RastaConverter\src\io\OutputManager.h">
      <Filter>Header Files</Filter>
    </ClInclude>
    <ClInclude Include="D:\Projekty\RastaConverter\src\optimization\EvaluationContext.h">
      <Filter>Header Files</Filter>
    </ClInclude>
    <ClInclude Include="D:\Projekty\RastaConverter\src\optimization\OptimizationController.h">
      <Filter>Header Files</Filter>
    </ClInclude>
    <ClInclude Include="D:\Projekty\RastaConverter\src\optimization\AcceptancePolicy.h">
      <Filter>Header Files</Filter>
    </ClInclude>
    <ClInclude Include="D:\Projekty\RastaConverter\src\optimization\CoreEvaluator.h">
      <Filter>Header Files</Filter>
    </ClInclude>
    <ClInclude Include="D:\Projekty\RastaConverter\src\optimization\OptimizationRunner.h">
      <Filter>Header Files</Filter>
    </ClInclude>
    <ClInclude Include="D:\Projekty\RastaConverter\src\optimization\DLAS.h">
      <Filter>Header Files</Filter>
    </ClInclude>
    <ClInclude Include="D:\Projekty\RastaConverter\src\optimization\LAHC.h">
      <Filter>Header Files</Filter>
    </ClInclude>
    <ClInclude Include="D:\Projekty\RastaConverter\src\optimization\Optimizer.h">
      <Filter>Header Files</Filter>
    </ClInclude>
    <ClInclude Include="D:\Projekty\RastaConverter\src\execution\Executor.h">
      <Filter>Header Files</Filter>
    </ClInclude>
    <ClInclude Include="D:\Projekty\RastaConverter\src\execution\SpriteManager.h">
      <Filter>Header Files</Filter>
    </ClInclude>
    <ClInclude Include="D:\Projekty\RastaConverter\src\cache\LineCache.h">
      <Filter>Header Files</Filter>
    </ClInclude>
    <ClInclude Include="D:\Projekty\RastaConverter\src\cache\InsnSequenceCache.h">
      <Filter>Header Files</Filter>
    </ClInclude>
    <ClInclude Include="D:\Projekty\RastaConverter\src\utils\LinearAllocator.h">
      <Filter>Header Files</Filter>
    </ClInclude>
    <ClInclude Include="D:\Projekty\RastaConverter\src\utils\RandomUtils.h">
      <Filter>Header Files</Filter>
    </ClInclude>
    <ClInclude Include="D:\Projekty\RastaConverter\src\utils\port.h">
      <Filter>Header Files</Filter>
    </ClInclude>
    <ClInclude Include="D:\Projekty\RastaConverter\src\utils\string_conv.h">
      <Filter>Header Files</Filter>
    </ClInclude>
    <ClInclude Include="D:\Projekty\RastaConverter\src\utils\mt19937int.h">
      <Filter>Header Files</Filter>
    </ClInclude>
    <ClInclude Include="D:\Projekty\RastaConverter\src\mutation\Mutator.h">
      <Filter>Header Files</Filter>
    </ClInclude>
    <ClInclude Include="D:\Projekty\RastaConverter\src\mutation\RasterMutator.h">
      <Filter>Header Files</Filter>
    </ClInclude>
    <ClInclude Include="D:\Projekty\RastaConverter\src\ui\RastaSDL.h">
      <Filter>Header Files</Filter>
    </ClInclude>
    <ClInclude Include="D:\Projekty\RastaConverter\src\ui\gui.h">
      <Filter>Header Files</Filter>
    </ClInclude>
    <ClInclude Include="D:\Projekty\RastaConverter\src\target\TargetPicture.h">
      <Filter>Header Files</Filter>
    </ClInclude>
    <ClInclude Include="D:\Projekty\RastaConverter\src\config\config.h">
      <Filter>Header Files</Filter>
    </ClInclude>
    <ClInclude Include="D:\Projekty\RastaConverter\src\config\CommandLineParser.h">
      <Filter>Header Files</Filter>
    </ClInclude>
  </ItemGroup>
  <ItemGroup>
    <CustomBuild Include="D:\Projekty\RastaConverter\CMakeLists.txt" />
  </ItemGroup>
  <ItemGroup>
    <Filter Include="Header Files">
      <UniqueIdentifier>{67D3C2FF-7278-3A1A-A544-4C370E6CB0EA}</UniqueIdentifier>
    </Filter>
    <Filter Include="Source Files">
      <UniqueIdentifier>{808FB063-0FDB-337F-B37C-AE16185004FB}</UniqueIdentifier>
    </Filter>
  </ItemGroup>
</Project>
