<?xml version="1.0" encoding="utf-8"?>
<Project ToolsVersion="4.0" xmlns="http://schemas.microsoft.com/developer/msbuild/2003">
  <ItemGroup>
    <Filter Include="Source Files">
      <UniqueIdentifier>{4FC737F1-C7A5-4376-A066-2A32D752A2FF}</UniqueIdentifier>
      <Extensions>cpp;c;cc;cxx;def;odl;idl;hpj;bat;asm;asmx</Extensions>
    </Filter>
    <Filter Include="Header Files">
      <UniqueIdentifier>{93995380-89BD-4b04-88EB-625FBE52EBFB}</UniqueIdentifier>
      <Extensions>h;hpp;hxx;hm;inl;inc;xsd</Extensions>
    </Filter>
    <Filter Include="Doc">
      <UniqueIdentifier>{b77ce613-def3-41e5-9229-c486e41ed0e1}</UniqueIdentifier>
    </Filter>
  </ItemGroup>
  <ItemGroup>
    <ClCompile Include="CommandLineParser.cpp">
      <Filter>Source Files</Filter>
    </ClCompile>
    <ClCompile Include="config.cpp">
      <Filter>Source Files</Filter>
    </ClCompile>
    <ClCompile Include="main.cpp">
      <Filter>Source Files</Filter>
    </ClCompile>
    <ClCompile Include="rasta.cpp">
      <Filter>Source Files</Filter>
    </ClCompile>
    <ClCompile Include="rgb.cpp">
      <Filter>Source Files</Filter>
    </ClCompile>
    <ClCompile Include="mt19937int.cpp">
      <Filter>Source Files</Filter>
    </ClCompile>
    <ClCompile Include="Evaluator.cpp">
      <Filter>Source Files</Filter>
    </ClCompile>
    <ClCompile Include="Distance.cpp">
      <Filter>Source Files</Filter>
    </ClCompile>
    <ClCompile Include="Program.cpp">
      <Filter>Source Files</Filter>
    </ClCompile>
    <ClCompile Include="TargetPicture.cpp">
      <Filter>Source Files</Filter>
    </ClCompile>
    <ClCompile Include="pch.cpp">
      <Filter>Source Files</Filter>
    </ClCompile>
    <ClCompile Include="RastaSDL.cpp">
      <Filter>Source Files</Filter>
    </ClCompile>
    <ClCompile Include="RastaConsole.cpp">
      <Filter>Source Files</Filter>
    </ClCompile>
  </ItemGroup>
  <ItemGroup>
    <ClInclude Include="CommandLineParser.h">
      <Filter>Header Files</Filter>
    </ClInclude>
    <ClInclude Include="config.h">
      <Filter>Header Files</Filter>
    </ClInclude>
    <ClInclude Include="rasta.h">
      <Filter>Header Files</Filter>
    </ClInclude>
    <ClInclude Include="rgb.h">
      <Filter>Header Files</Filter>
    </ClInclude>
    <ClInclude Include="string_conv.h">
      <Filter>Header Files</Filter>
    </ClInclude>
    <ClInclude Include="port.h">
      <Filter>Header Files</Filter>
    </ClInclude>
    <ClInclude Include="mt19937int.h">
      <Filter>Header Files</Filter>
    </ClInclude>
    <ClInclude Include="Evaluator.h">
      <Filter>Header Files</Filter>
    </ClInclude>
    <ClInclude Include="Distance.h">
      <Filter>Header Files</Filter>
    </ClInclude>
    <ClInclude Include="Program.h">
      <Filter>Header Files</Filter>
    </ClInclude>
    <ClInclude Include="RegisterState.h">
      <Filter>Header Files</Filter>
    </ClInclude>
    <ClInclude Include="LinearAllocator.h">
      <Filter>Header Files</Filter>
    </ClInclude>
    <ClInclude Include="LineCache.h">
      <Filter>Header Files</Filter>
    </ClInclude>
    <ClInclude Include="TargetPicture.h">
      <Filter>Header Files</Filter>
    </ClInclude>
    <ClInclude Include="pch.h">
      <Filter>Header Files</Filter>
    </ClInclude>
    <ClInclude Include="InsnSequenceCache.h">
      <Filter>Header Files</Filter>
    </ClInclude>
    <ClInclude Include="RasterInstruction.h">
      <Filter>Header Files</Filter>
    </ClInclude>
    <ClInclude Include="RastaSDL.h">
      <Filter>Header Files</Filter>
    </ClInclude>
    <ClInclude Include="RastaConsole.h">
      <Filter>Header Files</Filter>
    </ClInclude>
    <ClInclude Include="gui.h">
      <Filter>Header Files</Filter>
    </ClInclude>
  </ItemGroup>
  <ItemGroup>
    <None Include="..\ChangeLog.md">
      <Filter>Doc</Filter>
    </None>
    <None Include="packages.config" />
  </ItemGroup>
</Project>